
Microsoft Visual Studio Solution File, Format Version 12.00
# Visual Studio Version 17
VisualStudioVersion = 17.0.31903.59
MinimumVisualStudioVersion = 10.0.40219.1
Project("{FAE04EC0-301F-11D3-BF4B-00C04F79EFBC}") = "WhileVerifier.Core", "WhileVerifier.Core\WhileVerifier.Core.csproj", "{F8FBCD4D-051C-4210-B9B0-277927375758}"
EndProject
Project("{FAE04EC0-301F-11D3-BF4B-00C04F79EFBC}") = "WhileVerifier.CLI", "WhileVerifier.CLI\WhileVerifier.CLI.csproj", "{CD43A12B-AF02-4C1C-938D-AAD1B3A70CDC}"
EndProject
Project("{FAE04EC0-301F-11D3-BF4B-00C04F79EFBC}") = "WhileVerifier.Tests", "WhileVerifier.Tests\WhileVerifier.Tests.csproj", "{B252C17D-E495-42AF-ABE6-A950155AF782}"
EndProject
Global
	GlobalSection(SolutionConfigurationPlatforms) = preSolution
		Debug|Any CPU = Debug|Any CPU
		Debug|x64 = Debug|x64
		Debug|x86 = Debug|x86
		Release|Any CPU = Release|Any CPU
		Release|x64 = Release|x64
		Release|x86 = Release|x86
	EndGlobalSection
	GlobalSection(ProjectConfigurationPlatforms) = postSolution
		{F8FBCD4D-051C-4210-B9B0-277927375758}.Debug|Any CPU.ActiveCfg = Debug|Any CPU
		{F8FBCD4D-051C-4210-B9B0-277927375758}.Debug|Any CPU.Build.0 = Debug|Any CPU
		{F8FBCD4D-051C-4210-B9B0-277927375758}.Debug|x64.ActiveCfg = Debug|Any CPU
		{F8FBCD4D-051C-4210-B9B0-277927375758}.Debug|x64.Build.0 = Debug|Any CPU
		{F8FBCD4D-051C-4210-B9B0-277927375758}.Debug|x86.ActiveCfg = Debug|Any CPU
		{F8FBCD4D-051C-4210-B9B0-277927375758}.Debug|x86.Build.0 = Debug|Any CPU
		{F8FBCD4D-051C-4210-B9B0-277927375758}.Release|Any CPU.ActiveCfg = Release|Any CPU
		{F8FBCD4D-051C-4210-B9B0-277927375758}.Release|Any CPU.Build.0 = Release|Any CPU
		{F8FBCD4D-051C-4210-B9B0-277927375758}.Release|x64.ActiveCfg = Release|Any CPU
		{F8FBCD4D-051C-4210-B9B0-277927375758}.Release|x64.Build.0 = Release|Any CPU
		{F8FBCD4D-051C-4210-B9B0-277927375758}.Release|x86.ActiveCfg = Release|Any CPU
		{F8FBCD4D-051C-4210-B9B0-277927375758}.Release|x86.Build.0 = Release|Any CPU
		{CD43A12B-AF02-4C1C-938D-AAD1B3A70CDC}.Debug|Any CPU.ActiveCfg = Debug|Any CPU
		{CD43A12B-AF02-4C1C-938D-AAD1B3A70CDC}.Debug|Any CPU.Build.0 = Debug|Any CPU
		{CD43A12B-AF02-4C1C-938D-AAD1B3A70CDC}.Debug|x64.ActiveCfg = Debug|Any CPU
		{CD43A12B-AF02-4C1C-938D-AAD1B3A70CDC}.Debug|x64.Build.0 = Debug|Any CPU
		{CD43A12B-AF02-4C1C-938D-AAD1B3A70CDC}.Debug|x86.ActiveCfg = Debug|Any CPU
		{CD43A12B-AF02-4C1C-938D-AAD1B3A70CDC}.Debug|x86.Build.0 = Debug|Any CPU
		{CD43A12B-AF02-4C1C-938D-AAD1B3A70CDC}.Release|Any CPU.ActiveCfg = Release|Any CPU
		{CD43A12B-AF02-4C1C-938D-AAD1B3A70CDC}.Release|Any CPU.Build.0 = Release|Any CPU
		{CD43A12B-AF02-4C1C-938D-AAD1B3A70CDC}.Release|x64.ActiveCfg = Release|Any CPU
		{CD43A12B-AF02-4C1C-938D-AAD1B3A70CDC}.Release|x64.Build.0 = Release|Any CPU
		{CD43A12B-AF02-4C1C-938D-AAD1B3A70CDC}.Release|x86.ActiveCfg = Release|Any CPU
		{CD43A12B-AF02-4C1C-938D-AAD1B3A70CDC}.Release|x86.Build.0 = Release|Any CPU
		{B252C17D-E495-42AF-ABE6-A950155AF782}.Debug|Any CPU.ActiveCfg = Debug|Any CPU
		{B252C17D-E495-42AF-ABE6-A950155AF782}.Debug|Any CPU.Build.0 = Debug|Any CPU
		{B252C17D-E495-42AF-ABE6-A950155AF782}.Debug|x64.ActiveCfg = Debug|Any CPU
		{B252C17D-E495-42AF-ABE6-A950155AF782}.Debug|x64.Build.0 = Debug|Any CPU
		{B252C17D-E495-42AF-ABE6-A950155AF782}.Debug|x86.ActiveCfg = Debug|Any CPU
		{B252C17D-E495-42AF-ABE6-A950155AF782}.Debug|x86.Build.0 = Debug|Any CPU
		{B252C17D-E495-42AF-ABE6-A950155AF782}.Release|Any CPU.ActiveCfg = Release|Any CPU
		{B252C17D-E495-42AF-ABE6-A950155AF782}.Release|Any CPU.Build.0 = Release|Any CPU
		{B252C17D-E495-42AF-ABE6-A950155AF782}.Release|x64.ActiveCfg = Release|Any CPU
		{B252C17D-E495-42AF-ABE6-A950155AF782}.Release|x64.Build.0 = Release|Any CPU
		{B252C17D-E495-42AF-ABE6-A950155AF782}.Release|x86.ActiveCfg = Release|Any CPU
		{B252C17D-E495-42AF-ABE6-A950155AF782}.Release|x86.Build.0 = Release|Any CPU
	EndGlobalSection
	GlobalSection(SolutionProperties) = preSolution
		HideSolutionNode = FALSE
	EndGlobalSection
EndGlobal
